// !$*UTF8*$!
{
	archiveVersion = 1;
	classes = {
	};
	objectVersion = 50;
	objects = {

/* Begin PBXBuildFile section */
		3D26C03228DA01BE00805943 /* AppDelegate.swift in Sources */ = {isa = PBXBuildFile; fileRef = 3D26C03128DA01BE00805943 /* AppDelegate.swift */; };
		3D26C03428DA01BE00805943 /* PeliculasController.swift in Sources */ = {isa = PBXBuildFile; fileRef = 3D26C03328DA01BE00805943 /* PeliculasController.swift */; };
		3D26C03728DA01BE00805943 /* Main.storyboard in Resources */ = {isa = PBXBuildFile; fileRef = 3D26C03528DA01BE00805943 /* Main.storyboard */; };
		3D26C03928DA01C200805943 /* Assets.xcassets in Resources */ = {isa = PBXBuildFile; fileRef = 3D26C03828DA01C200805943 /* Assets.xcassets */; };
		3D26C03C28DA01C200805943 /* LaunchScreen.storyboard in Resources */ = {isa = PBXBuildFile; fileRef = 3D26C03A28DA01C200805943 /* LaunchScreen.storyboard */; };
		3D26C04428DA035600805943 /* Pelicula.swift in Sources */ = {isa = PBXBuildFile; fileRef = 3D26C04328DA035600805943 /* Pelicula.swift */; };
		3D26C04C28DA17A800805943 /* CeldaPeliculaController.swift in Sources */ = {isa = PBXBuildFile; fileRef = 3D26C04B28DA17A800805943 /* CeldaPeliculaController.swift */; };
/* End PBXBuildFile section */

/* Begin PBXFileReference section */
		3D26C02E28DA01BE00805943 /* tableview.app */ = {isa = PBXFileReference; explicitFileType = wrapper.application; includeInIndex = 0; path = tableview.app; sourceTree = BUILT_PRODUCTS_DIR; };
		3D26C03128DA01BE00805943 /* AppDelegate.swift */ = {isa = PBXFileReference; lastKnownFileType = sourcecode.swift; path = AppDelegate.swift; sourceTree = "<group>"; };
		3D26C03328DA01BE00805943 /* PeliculasController.swift */ = {isa = PBXFileReference; lastKnownFileType = sourcecode.swift; path = PeliculasController.swift; sourceTree = "<group>"; };
		3D26C03628DA01BE00805943 /* Base */ = {isa = PBXFileReference; lastKnownFileType = file.storyboard; name = Base; path = Base.lproj/Main.storyboard; sourceTree = "<group>"; };
		3D26C03828DA01C200805943 /* Assets.xcassets */ = {isa = PBXFileReference; lastKnownFileType = folder.assetcatalog; path = Assets.xcassets; sourceTree = "<group>"; };
		3D26C03B28DA01C200805943 /* Base */ = {isa = PBXFileReference; lastKnownFileType = file.storyboard; name = Base; path = Base.lproj/LaunchScreen.storyboard; sourceTree = "<group>"; };
		3D26C03D28DA01C200805943 /* Info.plist */ = {isa = PBXFileReference; lastKnownFileType = text.plist.xml; path = Info.plist; sourceTree = "<group>"; };
		3D26C04328DA035600805943 /* Pelicula.swift */ = {isa = PBXFileReference; lastKnownFileType = sourcecode.swift; path = Pelicula.swift; sourceTree = "<group>"; };
		3D26C04B28DA17A800805943 /* CeldaPeliculaController.swift */ = {isa = PBXFileReference; lastKnownFileType = sourcecode.swift; path = CeldaPeliculaController.swift; sourceTree = "<group>"; };
/* End PBXFileReference section */

/* Begin PBXFrameworksBuildPhase section */
		3D26C02B28DA01BE00805943 /* Frameworks */ = {
			isa = PBXFrameworksBuildPhase;
			buildActionMask = 2147483647;
			files = (
			);
			runOnlyForDeploymentPostprocessing = 0;
		};
/* End PBXFrameworksBuildPhase section */

/* Begin PBXGroup section */
		3D26C02528DA01BE00805943 = {
			isa = PBXGroup;
			children = (
				3D26C03028DA01BE00805943 /* tableview */,
				3D26C02F28DA01BE00805943 /* Products */,
			);
			sourceTree = "<group>";
		};
		3D26C02F28DA01BE00805943 /* Products */ = {
			isa = PBXGroup;
			children = (
				3D26C02E28DA01BE00805943 /* tableview.app */,
			);
			name = Products;
			sourceTree = "<group>";
		};
		3D26C03028DA01BE00805943 /* tableview */ = {
			isa = PBXGroup;
			children = (
				3D26C04A28DA065900805943 /* Recursos */,
				3D26C04928DA064600805943 /* app */,
				3D26C04828DA05F200805943 /* Controladores */,
				3D26C04728DA05AD00805943 /* Vistas */,
				3D26C04628DA059D00805943 /* Modelos */,
			);
			path = tableview;
			sourceTree = "<group>";
		};
		3D26C04628DA059D00805943 /* Modelos */ = {
			isa = PBXGroup;
			children = (
				3D26C04328DA035600805943 /* Pelicula.swift */,
			);
			name = Modelos;
			sourceTree = "<group>";
		};
		3D26C04728DA05AD00805943 /* Vistas */ = {
			isa = PBXGroup;
			children = (
				3D26C03528DA01BE00805943 /* Main.storyboard */,
				3D26C03A28DA01C200805943 /* LaunchScreen.storyboard */,
			);
			name = Vistas;
			sourceTree = "<group>";
		};
		3D26C04828DA05F200805943 /* Controladores */ = {
			isa = PBXGroup;
			children = (
				3D26C03328DA01BE00805943 /* PeliculasController.swift */,
				3D26C04B28DA17A800805943 /* CeldaPeliculaController.swift */,
			);
			name = Controladores;
			sourceTree = "<group>";
		};
		3D26C04928DA064600805943 /* app */ = {
			isa = PBXGroup;
			children = (
				3D26C03128DA01BE00805943 /* AppDelegate.swift */,
				3D26C03D28DA01C200805943 /* Info.plist */,
			);
			name = app;
			sourceTree = "<group>";
		};
		3D26C04A28DA065900805943 /* Recursos */ = {
			isa = PBXGroup;
			children = (
				3D26C03828DA01C200805943 /* Assets.xcassets */,
			);
			name = Recursos;
			sourceTree = "<group>";
		};
/* End PBXGroup section */

/* Begin PBXNativeTarget section */
		3D26C02D28DA01BE00805943 /* tableview */ = {
			isa = PBXNativeTarget;
			buildConfigurationList = 3D26C04028DA01C200805943 /* Build configuration list for PBXNativeTarget "tableview" */;
			buildPhases = (
				3D26C02A28DA01BE00805943 /* Sources */,
				3D26C02B28DA01BE00805943 /* Frameworks */,
				3D26C02C28DA01BE00805943 /* Resources */,
			);
			buildRules = (
			);
			dependencies = (
			);
			name = tableview;
			productName = tableview;
			productReference = 3D26C02E28DA01BE00805943 /* tableview.app */;
			productType = "com.apple.product-type.application";
		};
/* End PBXNativeTarget section */

/* Begin PBXProject section */
		3D26C02628DA01BE00805943 /* Project object */ = {
			isa = PBXProject;
			attributes = {
				LastSwiftUpdateCheck = 0940;
				LastUpgradeCheck = 0940;
				ORGANIZATIONNAME = ULSA;
				TargetAttributes = {
					3D26C02D28DA01BE00805943 = {
						CreatedOnToolsVersion = 9.4.1;
					};
				};
			};
			buildConfigurationList = 3D26C02928DA01BE00805943 /* Build configuration list for PBXProject "tableview" */;
			compatibilityVersion = "Xcode 9.3";
			developmentRegion = en;
			hasScannedForEncodings = 0;
			knownRegions = (
				en,
				Base,
			);
			mainGroup = 3D26C02528DA01BE00805943;
			productRefGroup = 3D26C02F28DA01BE00805943 /* Products */;
			projectDirPath = "";
			projectRoot = "";
			targets = (
				3D26C02D28DA01BE00805943 /* tableview */,
			);
		};
/* End PBXProject section */

/* Begin PBXResourcesBuildPhase section */
		3D26C02C28DA01BE00805943 /* Resources */ = {
			isa = PBXResourcesBuildPhase;
			buildActionMask = 2147483647;
			files = (
				3D26C03C28DA01C200805943 /* LaunchScreen.storyboard in Resources */,
				3D26C03928DA01C200805943 /* Assets.xcassets in Resources */,
				3D26C03728DA01BE00805943 /* Main.storyboard in Resources */,
			);
			runOnlyForDeploymentPostprocessing = 0;
		};
/* End PBXResourcesBuildPhase section */

/* Begin PBXSourcesBuildPhase section */
		3D26C02A28DA01BE00805943 /* Sources */ = {
			isa = PBXSourcesBuildPhase;
			buildActionMask = 2147483647;
			files = (
				3D26C04C28DA17A800805943 /* CeldaPeliculaController.swift in Sources */,
				3D26C04428DA035600805943 /* Pelicula.swift in Sources */,
				3D26C03428DA01BE00805943 /* PeliculasController.swift in Sources */,
				3D26C03228DA01BE00805943 /* AppDelegate.swift in Sources */,
			);
			runOnlyForDeploymentPostprocessing = 0;
		};
/* End PBXSourcesBuildPhase section */

/* Begin PBXVariantGroup section */
		3D26C03528DA01BE00805943 /* Main.storyboard */ = {
			isa = PBXVariantGroup;
			children = (
				3D26C03628DA01BE00805943 /* Base */,
			);
			name = Main.storyboard;
			sourceTree = "<group>";
		};
		3D26C03A28DA01C200805943 /* LaunchScreen.storyboard */ = {
			isa = PBXVariantGroup;
			children = (
				3D26C03B28DA01C200805943 /* Base */,
			);
			name = LaunchScreen.storyboard;
			sourceTree = "<group>";
		};
/* End PBXVariantGroup section */

/* Begin XCBuildConfiguration section */
		3D26C03E28DA01C200805943 /* Debug */ = {
			isa = XCBuildConfiguration;
			buildSettings = {
				ALWAYS_SEARCH_USER_PATHS = NO;
				CLANG_ANALYZER_NONNULL = YES;
				CLANG_ANALYZER_NUMBER_OBJECT_CONVERSION = YES_AGGRESSIVE;
				CLANG_CXX_LANGUAGE_STANDARD = "gnu++14";
				CLANG_CXX_LIBRARY = "libc++";
				CLANG_ENABLE_MODULES = YES;
				CLANG_ENABLE_OBJC_ARC = YES;
				CLANG_ENABLE_OBJC_WEAK = YES;
				CLANG_WARN_BLOCK_CAPTURE_AUTORELEASING = YES;
				CLANG_WARN_BOOL_CONVERSION = YES;
				CLANG_WARN_COMMA = YES;
				CLANG_WARN_CONSTANT_CONVERSION = YES;
				CLANG_WARN_DEPRECATED_OBJC_IMPLEMENTATIONS = YES;
				CLANG_WARN_DIRECT_OBJC_ISA_USAGE = YES_ERROR;
				CLANG_WARN_DOCUMENTATION_COMMENTS = YES;
				CLANG_WARN_EMPTY_BODY = YES;
				CLANG_WARN_ENUM_CONVERSION = YES;
				CLANG_WARN_INFINITE_RECURSION = YES;
				CLANG_WARN_INT_CONVERSION = YES;
				CLANG_WARN_NON_LITERAL_NULL_CONVERSION = YES;
				CLANG_WARN_OBJC_IMPLICIT_RETAIN_SELF = YES;
				CLANG_WARN_OBJC_LITERAL_CONVERSION = YES;
				CLANG_WARN_OBJC_ROOT_CLASS = YES_ERROR;
				CLANG_WARN_RANGE_LOOP_ANALYSIS = YES;
				CLANG_WARN_STRICT_PROTOTYPES = YES;
				CLANG_WARN_SUSPICIOUS_MOVE = YES;
				CLANG_WARN_UNGUARDED_AVAILABILITY = YES_AGGRESSIVE;
				CLANG_WARN_UNREACHABLE_CODE = YES;
				CLANG_WARN__DUPLICATE_METHOD_MATCH = YES;
				CODE_SIGN_IDENTITY = "iPhone Developer";
				COPY_PHASE_STRIP = NO;
				DEBUG_INFORMATION_FORMAT = dwarf;
				ENABLE_STRICT_OBJC_MSGSEND = YES;
				ENABLE_TESTABILITY = YES;
				GCC_C_LANGUAGE_STANDARD = gnu11;
				GCC_DYNAMIC_NO_PIC = NO;
				GCC_NO_COMMON_BLOCKS = YES;
				GCC_OPTIMIZATION_LEVEL = 0;
				GCC_PREPROCESSOR_DEFINITIONS = (
					"DEBUG=1",
					"$(inherited)",
				);
				GCC_WARN_64_TO_32_BIT_CONVERSION = YES;
				GCC_WARN_ABOUT_RETURN_TYPE = YES_ERROR;
				GCC_WARN_UNDECLARED_SELECTOR = YES;
				GCC_WARN_UNINITIALIZED_AUTOS = YES_AGGRESSIVE;
				GCC_WARN_UNUSED_FUNCTION = YES;
				GCC_WARN_UNUSED_VARIABLE = YES;
				IPHONEOS_DEPLOYMENT_TARGET = 11.4;
				MTL_ENABLE_DEBUG_INFO = YES;
				ONLY_ACTIVE_ARCH = YES;
				SDKROOT = iphoneos;
				SWIFT_ACTIVE_COMPILATION_CONDITIONS = DEBUG;
				SWIFT_OPTIMIZATION_LEVEL = "-Onone";
			};
			name = Debug;
		};
		3D26C03F28DA01C200805943 /* Release */ = {
			isa = XCBuildConfiguration;
			buildSettings = {
				ALWAYS_SEARCH_USER_PATHS = NO;
				CLANG_ANALYZER_NONNULL = YES;
				CLANG_ANALYZER_NUMBER_OBJECT_CONVERSION = YES_AGGRESSIVE;
				CLANG_CXX_LANGUAGE_STANDARD = "gnu++14";
				CLANG_CXX_LIBRARY = "libc++";
				CLANG_ENABLE_MODULES = YES;
				CLANG_ENABLE_OBJC_ARC = YES;
				CLANG_ENABLE_OBJC_WEAK = YES;
				CLANG_WARN_BLOCK_CAPTURE_AUTORELEASING = YES;
				CLANG_WARN_BOOL_CONVERSION = YES;
				CLANG_WARN_COMMA = YES;
				CLANG_WARN_CONSTANT_CONVERSION = YES;
				CLANG_WARN_DEPRECATED_OBJC_IMPLEMENTATIONS = YES;
				CLANG_WARN_DIRECT_OBJC_ISA_USAGE = YES_ERROR;
				CLANG_WARN_DOCUMENTATION_COMMENTS = YES;
				CLANG_WARN_EMPTY_BODY = YES;
				CLANG_WARN_ENUM_CONVERSION = YES;
				CLANG_WARN_INFINITE_RECURSION = YES;
				CLANG_WARN_INT_CONVERSION = YES;
				CLANG_WARN_NON_LITERAL_NULL_CONVERSION = YES;
				CLANG_WARN_OBJC_IMPLICIT_RETAIN_SELF = YES;
				CLANG_WARN_OBJC_LITERAL_CONVERSION = YES;
				CLANG_WARN_OBJC_ROOT_CLASS = YES_ERROR;
				CLANG_WARN_RANGE_LOOP_ANALYSIS = YES;
				CLANG_WARN_STRICT_PROTOTYPES = YES;
				CLANG_WARN_SUSPICIOUS_MOVE = YES;
				CLANG_WARN_UNGUARDED_AVAILABILITY = YES_AGGRESSIVE;
				CLANG_WARN_UNREACHABLE_CODE = YES;
				CLANG_WARN__DUPLICATE_METHOD_MATCH = YES;
				CODE_SIGN_IDENTITY = "iPhone Developer";
				COPY_PHASE_STRIP = NO;
				DEBUG_INFORMATION_FORMAT = "dwarf-with-dsym";
				ENABLE_NS_ASSERTIONS = NO;
				ENABLE_STRICT_OBJC_MSGSEND = YES;
				GCC_C_LANGUAGE_STANDARD = gnu11;
				GCC_NO_COMMON_BLOCKS = YES;
				GCC_WARN_64_TO_32_BIT_CONVERSION = YES;
				GCC_WARN_ABOUT_RETURN_TYPE = YES_ERROR;
				GCC_WARN_UNDECLARED_SELECTOR = YES;
				GCC_WARN_UNINITIALIZED_AUTOS = YES_AGGRESSIVE;
				GCC_WARN_UNUSED_FUNCTION = YES;
				GCC_WARN_UNUSED_VARIABLE = YES;
				IPHONEOS_DEPLOYMENT_TARGET = 11.4;
				MTL_ENABLE_DEBUG_INFO = NO;
				SDKROOT = iphoneos;
				SWIFT_COMPILATION_MODE = wholemodule;
				SWIFT_OPTIMIZATION_LEVEL = "-O";
				VALIDATE_PRODUCT = YES;
			};
			name = Release;
		};
		3D26C04128DA01C200805943 /* Debug */ = {
			isa = XCBuildConfiguration;
			buildSettings = {
				ASSETCATALOG_COMPILER_APPICON_NAME = AppIcon;
				CODE_SIGN_STYLE = Automatic;
				INFOPLIST_FILE = tableview/Info.plist;
				LD_RUNPATH_SEARCH_PATHS = (
					"$(inherited)",
					"@executable_path/Frameworks",
				);
				PRODUCT_BUNDLE_IDENTIFIER = edu.ulsa.tableview;
				PRODUCT_NAME = "$(TARGET_NAME)";
				SWIFT_VERSION = 4.0;
				TARGETED_DEVICE_FAMILY = "1,2";
			};
			name = Debug;
		};
		3D26C04228DA01C200805943 /* Release */ = {
			isa = XCBuildConfiguration;
			buildSettings = {
				ASSETCATALOG_COMPILER_APPICON_NAME = AppIcon;
				CODE_SIGN_STYLE = Automatic;
				INFOPLIST_FILE = tableview/Info.plist;
				LD_RUNPATH_SEARCH_PATHS = (
					"$(inherited)",
					"@executable_path/Frameworks",
				);
				PRODUCT_BUNDLE_IDENTIFIER = edu.ulsa.tableview;
				PRODUCT_NAME = "$(TARGET_NAME)";
				SWIFT_VERSION = 4.0;
				TARGETED_DEVICE_FAMILY = "1,2";
			};
			name = Release;
		};
/* End XCBuildConfiguration section */

/* Begin XCConfigurationList section */
		3D26C02928DA01BE00805943 /* Build configuration list for PBXProject "tableview" */ = {
			isa = XCConfigurationList;
			buildConfigurations = (
				3D26C03E28DA01C200805943 /* Debug */,
				3D26C03F28DA01C200805943 /* Release */,
			);
			defaultConfigurationIsVisible = 0;
			defaultConfigurationName = Release;
		};
		3D26C04028DA01C200805943 /* Build configuration list for PBXNativeTarget "tableview" */ = {
			isa = XCConfigurationList;
			buildConfigurations = (
				3D26C04128DA01C200805943 /* Debug */,
				3D26C04228DA01C200805943 /* Release */,
			);
			defaultConfigurationIsVisible = 0;
			defaultConfigurationName = Release;
		};
/* End XCConfigurationList section */
	};
	rootObject = 3D26C02628DA01BE00805943 /* Project object */;
}
